// !$*UTF8*$!
{
	archiveVersion = 1;
	classes = {
	};
	objectVersion = 46;
	objects = {

/* Begin PBXBuildFile section */
		A628A4C71E5604E0004C3E06 /* AppDelegate.swift in Sources */ = {isa = PBXBuildFile; fileRef = A628A4C61E5604E0004C3E06 /* AppDelegate.swift */; };
		A628A4C91E5604E0004C3E06 /* ViewController.swift in Sources */ = {isa = PBXBuildFile; fileRef = A628A4C81E5604E0004C3E06 /* ViewController.swift */; };
		A628A4CC1E5604E0004C3E06 /* Main.storyboard in Resources */ = {isa = PBXBuildFile; fileRef = A628A4CA1E5604E0004C3E06 /* Main.storyboard */; };
		A628A4CE1E5604E0004C3E06 /* Assets.xcassets in Resources */ = {isa = PBXBuildFile; fileRef = A628A4CD1E5604E0004C3E06 /* Assets.xcassets */; };
		A628A4D11E5604E0004C3E06 /* LaunchScreen.storyboard in Resources */ = {isa = PBXBuildFile; fileRef = A628A4CF1E5604E0004C3E06 /* LaunchScreen.storyboard */; };
/* End PBXBuildFile section */

/* Begin PBXFileReference section */
		A628A4C31E5604E0004C3E06 /* DontLookStupid.app */ = {isa = PBXFileReference; explicitFileType = wrapper.application; includeInIndex = 0; path = DontLookStupid.app; sourceTree = BUILT_PRODUCTS_DIR; };
		A628A4C61E5604E0004C3E06 /* AppDelegate.swift */ = {isa = PBXFileReference; lastKnownFileType = sourcecode.swift; path = AppDelegate.swift; sourceTree = "<group>"; };
		A628A4C81E5604E0004C3E06 /* ViewController.swift */ = {isa = PBXFileReference; lastKnownFileType = sourcecode.swift; path = ViewController.swift; sourceTree = "<group>"; };
		A628A4CB1E5604E0004C3E06 /* Base */ = {isa = PBXFileReference; lastKnownFileType = file.storyboard; name = Base; path = Base.lproj/Main.storyboard; sourceTree = "<group>"; };
		A628A4CD1E5604E0004C3E06 /* Assets.xcassets */ = {isa = PBXFileReference; lastKnownFileType = folder.assetcatalog; path = Assets.xcassets; sourceTree = "<group>"; };
		A628A4D01E5604E0004C3E06 /* Base */ = {isa = PBXFileReference; lastKnownFileType = file.storyboard; name = Base; path = Base.lproj/LaunchScreen.storyboard; sourceTree = "<group>"; };
		A628A4D21E5604E0004C3E06 /* Info.plist */ = {isa = PBXFileReference; lastKnownFileType = text.plist.xml; path = Info.plist; sourceTree = "<group>"; };
/* End PBXFileReference section */

/* Begin PBXFrameworksBuildPhase section */
		A628A4C01E5604E0004C3E06 /* Frameworks */ = {
			isa = PBXFrameworksBuildPhase;
			buildActionMask = 2147483647;
			files = (
			);
			runOnlyForDeploymentPostprocessing = 0;
		};
/* End PBXFrameworksBuildPhase section */

/* Begin PBXGroup section */
		A628A4BA1E5604E0004C3E06 = {
			isa = PBXGroup;
			children = (
				A628A4C51E5604E0004C3E06 /* DontLookStupid */,
				A628A4C41E5604E0004C3E06 /* Products */,
			);
			sourceTree = "<group>";
		};
		A628A4C41E5604E0004C3E06 /* Products */ = {
			isa = PBXGroup;
			children = (
				A628A4C31E5604E0004C3E06 /* DontLookStupid.app */,
			);
			name = Products;
			sourceTree = "<group>";
		};
		A628A4C51E5604E0004C3E06 /* DontLookStupid */ = {
			isa = PBXGroup;
			children = (
				A628A4C61E5604E0004C3E06 /* AppDelegate.swift */,
				A628A4C81E5604E0004C3E06 /* ViewController.swift */,
				A628A4CA1E5604E0004C3E06 /* Main.storyboard */,
				A628A4CD1E5604E0004C3E06 /* Assets.xcassets */,
				A628A4CF1E5604E0004C3E06 /* LaunchScreen.storyboard */,
				A628A4D21E5604E0004C3E06 /* Info.plist */,
			);
			path = DontLookStupid;
			sourceTree = "<group>";
		};
/* End PBXGroup section */

/* Begin PBXNativeTarget section */
		A628A4C21E5604E0004C3E06 /* DontLookStupid */ = {
			isa = PBXNativeTarget;
			buildConfigurationList = A628A4D51E5604E0004C3E06 /* Build configuration list for PBXNativeTarget "DontLookStupid" */;
			buildPhases = (
				A628A4BF1E5604E0004C3E06 /* Sources */,
				A628A4C01E5604E0004C3E06 /* Frameworks */,
				A628A4C11E5604E0004C3E06 /* Resources */,
			);
			buildRules = (
			);
			dependencies = (
			);
			name = DontLookStupid;
			productName = DontLookStupid;
			productReference = A628A4C31E5604E0004C3E06 /* DontLookStupid.app */;
			productType = "com.apple.product-type.application";
		};
/* End PBXNativeTarget section */

/* Begin PBXProject section */
		A628A4BB1E5604E0004C3E06 /* Project object */ = {
			isa = PBXProject;
			attributes = {
				LastSwiftUpdateCheck = 0820;
				LastUpgradeCheck = 0820;
				ORGANIZATIONNAME = "Andrew Klick";
				TargetAttributes = {
					A628A4C21E5604E0004C3E06 = {
						CreatedOnToolsVersion = 8.2.1;
						DevelopmentTeam = C8MFS7Z5L5;
						ProvisioningStyle = Automatic;
					};
				};
			};
			buildConfigurationList = A628A4BE1E5604E0004C3E06 /* Build configuration list for PBXProject "DontLookStupid" */;
			compatibilityVersion = "Xcode 3.2";
			developmentRegion = English;
			hasScannedForEncodings = 0;
			knownRegions = (
				en,
				Base,
			);
			mainGroup = A628A4BA1E5604E0004C3E06;
			productRefGroup = A628A4C41E5604E0004C3E06 /* Products */;
			projectDirPath = "";
			projectRoot = "";
			targets = (
				A628A4C21E5604E0004C3E06 /* DontLookStupid */,
			);
		};
/* End PBXProject section */

/* Begin PBXResourcesBuildPhase section */
		A628A4C11E5604E0004C3E06 /* Resources */ = {
			isa = PBXResourcesBuildPhase;
			buildActionMask = 2147483647;
			files = (
				A628A4D11E5604E0004C3E06 /* LaunchScreen.storyboard in Resources */,
				A628A4CE1E5604E0004C3E06 /* Assets.xcassets in Resources */,
				A628A4CC1E5604E0004C3E06 /* Main.storyboard in Resources */,
			);
			runOnlyForDeploymentPostprocessing = 0;
		};
/* End PBXResourcesBuildPhase section */

/* Begin PBXSourcesBuildPhase section */
		A628A4BF1E5604E0004C3E06 /* Sources */ = {
			isa = PBXSourcesBuildPhase;
			buildActionMask = 2147483647;
			files = (
				A628A4C91E5604E0004C3E06 /* ViewController.swift in Sources */,
				A628A4C71E5604E0004C3E06 /* AppDelegate.swift in Sources */,
			);
			runOnlyForDeploymentPostprocessing = 0;
		};
/* End PBXSourcesBuildPhase section */

/* Begin PBXVariantGroup section */
		A628A4CA1E5604E0004C3E06 /* Main.storyboard */ = {
			isa = PBXVariantGroup;
			children = (
				A628A4CB1E5604E0004C3E06 /* Base */,
			);
			name = Main.storyboard;
			sourceTree = "<group>";
		};
		A628A4CF1E5604E0004C3E06 /* LaunchScreen.storyboard */ = {
			isa = PBXVariantGroup;
			children = (
				A628A4D01E5604E0004C3E06 /* Base */,
			);
			name = LaunchScreen.storyboard;
			sourceTree = "<group>";
		};
/* End PBXVariantGroup section */

/* Begin XCBuildConfiguration section */
		A628A4D31E5604E0004C3E06 /* Debug */ = {
			isa = XCBuildConfiguration;
			buildSettings = {
				ALWAYS_SEARCH_USER_PATHS = NO;
				CLANG_ANALYZER_NONNULL = YES;
				CLANG_CXX_LANGUAGE_STANDARD = "gnu++0x";
				CLANG_CXX_LIBRARY = "libc++";
				CLANG_ENABLE_MODULES = YES;
				CLANG_ENABLE_OBJC_ARC = YES;
				CLANG_WARN_BOOL_CONVERSION = YES;
				CLANG_WARN_CONSTANT_CONVERSION = YES;
				CLANG_WARN_DIRECT_OBJC_ISA_USAGE = YES_ERROR;
				CLANG_WARN_DOCUMENTATION_COMMENTS = YES;
				CLANG_WARN_EMPTY_BODY = YES;
				CLANG_WARN_ENUM_CONVERSION = YES;
				CLANG_WARN_INFINITE_RECURSION = YES;
				CLANG_WARN_INT_CONVERSION = YES;
				CLANG_WARN_OBJC_ROOT_CLASS = YES_ERROR;
				CLANG_WARN_SUSPICIOUS_MOVE = YES;
				CLANG_WARN_UNREACHABLE_CODE = YES;
				CLANG_WARN__DUPLICATE_METHOD_MATCH = YES;
				"CODE_SIGN_IDENTITY[sdk=iphoneos*]" = "iPhone Developer";
				COPY_PHASE_STRIP = NO;
				DEBUG_INFORMATION_FORMAT = dwarf;
				ENABLE_STRICT_OBJC_MSGSEND = YES;
				ENABLE_TESTABILITY = YES;
				GCC_C_LANGUAGE_STANDARD = gnu99;
				GCC_DYNAMIC_NO_PIC = NO;
				GCC_NO_COMMON_BLOCKS = YES;
				GCC_OPTIMIZATION_LEVEL = 0;
				GCC_PREPROCESSOR_DEFINITIONS = (
					"DEBUG=1",
					"$(inherited)",
				);
				GCC_WARN_64_TO_32_BIT_CONVERSION = YES;
				GCC_WARN_ABOUT_RETURN_TYPE = YES_ERROR;
				GCC_WARN_UNDECLARED_SELECTOR = YES;
				GCC_WARN_UNINITIALIZED_AUTOS = YES_AGGRESSIVE;
				GCC_WARN_UNUSED_FUNCTION = YES;
				GCC_WARN_UNUSED_VARIABLE = YES;
				IPHONEOS_DEPLOYMENT_TARGET = 10.2;
				MTL_ENABLE_DEBUG_INFO = YES;
				ONLY_ACTIVE_ARCH = YES;
				SDKROOT = iphoneos;
				SWIFT_ACTIVE_COMPILATION_CONDITIONS = DEBUG;
				SWIFT_OPTIMIZATION_LEVEL = "-Onone";
				TARGETED_DEVICE_FAMILY = "1,2";
			};
			name = Debug;
		};
		A628A4D41E5604E0004C3E06 /* Release */ = {
			isa = XCBuildConfiguration;
			buildSettings = {
				ALWAYS_SEARCH_USER_PATHS = NO;
				CLANG_ANALYZER_NONNULL = YES;
				CLANG_CXX_LANGUAGE_STANDARD = "gnu++0x";
				CLANG_CXX_LIBRARY = "libc++";
				CLANG_ENABLE_MODULES = YES;
				CLANG_ENABLE_OBJC_ARC = YES;
				CLANG_WARN_BOOL_CONVERSION = YES;
				CLANG_WARN_CONSTANT_CONVERSION = YES;
				CLANG_WARN_DIRECT_OBJC_ISA_USAGE = YES_ERROR;
				CLANG_WARN_DOCUMENTATION_COMMENTS = YES;
				CLANG_WARN_EMPTY_BODY = YES;
				CLANG_WARN_ENUM_CONVERSION = YES;
				CLANG_WARN_INFINITE_RECURSION = YES;
				CLANG_WARN_INT_CONVERSION = YES;
				CLANG_WARN_OBJC_ROOT_CLASS = YES_ERROR;
				CLANG_WARN_SUSPICIOUS_MOVE = YES;
				CLANG_WARN_UNREACHABLE_CODE = YES;
				CLANG_WARN__DUPLICATE_METHOD_MATCH = YES;
				"CODE_SIGN_IDENTITY[sdk=iphoneos*]" = "iPhone Developer";
				COPY_PHASE_STRIP = NO;
				DEBUG_INFORMATION_FORMAT = "dwarf-with-dsym";
				ENABLE_NS_ASSERTIONS = NO;
				ENABLE_STRICT_OBJC_MSGSEND = YES;
				GCC_C_LANGUAGE_STANDARD = gnu99;
				GCC_NO_COMMON_BLOCKS = YES;
				GCC_WARN_64_TO_32_BIT_CONVERSION = YES;
				GCC_WARN_ABOUT_RETURN_TYPE = YES_ERROR;
				GCC_WARN_UNDECLARED_SELECTOR = YES;
				GCC_WARN_UNINITIALIZED_AUTOS = YES_AGGRESSIVE;
				GCC_WARN_UNUSED_FUNCTION = YES;
				GCC_WARN_UNUSED_VARIABLE = YES;
				IPHONEOS_DEPLOYMENT_TARGET = 10.2;
				MTL_ENABLE_DEBUG_INFO = NO;
				SDKROOT = iphoneos;
				SWIFT_OPTIMIZATION_LEVEL = "-Owholemodule";
				TARGETED_DEVICE_FAMILY = "1,2";
				VALIDATE_PRODUCT = YES;
			};
			name = Release;
		};
		A628A4D61E5604E0004C3E06 /* Debug */ = {
			isa = XCBuildConfiguration;
			buildSettings = {
				ASSETCATALOG_COMPILER_APPICON_NAME = AppIcon;
				ASSETCATALOG_COMPILER_LAUNCHIMAGE_NAME = LaunchImage;
				DEVELOPMENT_TEAM = C8MFS7Z5L5;
				INFOPLIST_FILE = DontLookStupid/Info.plist;
				LD_RUNPATH_SEARCH_PATHS = "$(inherited) @executable_path/Frameworks";
				PRODUCT_BUNDLE_IDENTIFIER = edu.cvtc.ios.DontLookStupid.Klick;
				PRODUCT_NAME = "$(TARGET_NAME)";
				SWIFT_VERSION = 3.0;
			};
			name = Debug;
		};
		A628A4D71E5604E0004C3E06 /* Release */ = {
			isa = XCBuildConfiguration;
			buildSettings = {
				ASSETCATALOG_COMPILER_APPICON_NAME = AppIcon;
				ASSETCATALOG_COMPILER_LAUNCHIMAGE_NAME = LaunchImage;
				DEVELOPMENT_TEAM = C8MFS7Z5L5;
				INFOPLIST_FILE = DontLookStupid/Info.plist;
				LD_RUNPATH_SEARCH_PATHS = "$(inherited) @executable_path/Frameworks";
				PRODUCT_BUNDLE_IDENTIFIER = edu.cvtc.ios.DontLookStupid.Klick;
				PRODUCT_NAME = "$(TARGET_NAME)";
				SWIFT_VERSION = 3.0;
			};
			name = Release;
		};
/* End XCBuildConfiguration section */

/* Begin XCConfigurationList section */
		A628A4BE1E5604E0004C3E06 /* Build configuration list for PBXProject "DontLookStupid" */ = {
			isa = XCConfigurationList;
			buildConfigurations = (
				A628A4D31E5604E0004C3E06 /* Debug */,
				A628A4D41E5604E0004C3E06 /* Release */,
			);
			defaultConfigurationIsVisible = 0;
			defaultConfigurationName = Release;
		};
		A628A4D51E5604E0004C3E06 /* Build configuration list for PBXNativeTarget "DontLookStupid" */ = {
			isa = XCConfigurationList;
			buildConfigurations = (
				A628A4D61E5604E0004C3E06 /* Debug */,
				A628A4D71E5604E0004C3E06 /* Release */,
			);
			defaultConfigurationIsVisible = 0;
			defaultConfigurationName = Release;
		};
/* End XCConfigurationList section */
	};
	rootObject = A628A4BB1E5604E0004C3E06 /* Project object */;
}
